
Microsoft Visual Studio Solution File, Format Version 12.00
# Visual Studio Version 17
VisualStudioVersion = 17.4.33213.308
MinimumVisualStudioVersion = 10.0.40219.1
Project("{FAE04EC0-301F-11D3-BF4B-00C04F79EFBC}") = "TareasMVC", "TareasMVC\TareasMVC.csproj", "{F903FFF6-6E0E-48EB-9E9F-8DEB643A3F01}"
EndProject
Global
	GlobalSection(SolutionConfigurationPlatforms) = preSolution
		Debug|Any CPU = Debug|Any CPU
		Release|Any CPU = Release|Any CPU
	EndGlobalSection
	GlobalSection(ProjectConfigurationPlatforms) = postSolution
		{F903FFF6-6E0E-48EB-9E9F-8DEB643A3F01}.Debug|Any CPU.ActiveCfg = Debug|Any CPU
		{F903FFF6-6E0E-48EB-9E9F-8DEB643A3F01}.Debug|Any CPU.Build.0 = Debug|Any CPU
		{F903FFF6-6E0E-48EB-9E9F-8DEB643A3F01}.Release|Any CPU.ActiveCfg = Release|Any CPU
		{F903FFF6-6E0E-48EB-9E9F-8DEB643A3F01}.Release|Any CPU.Build.0 = Release|Any CPU
	EndGlobalSection
	GlobalSection(SolutionProperties) = preSolution
		HideSolutionNode = FALSE
	EndGlobalSection
	GlobalSection(ExtensibilityGlobals) = postSolution
		SolutionGuid = {8AB2AF5C-3806-4498-80B0-20850EFD214B}
	EndGlobalSection
EndGlobal
